// !$*UTF8*$!
{
	archiveVersion = 1;
	classes = {
	};
	objectVersion = 46;
	objects = {

/* Begin PBXBuildFile section */
		688911D2192D59F400E87C97 /* Foundation.framework in Frameworks */ = {isa = PBXBuildFile; fileRef = 688911D1192D59F400E87C97 /* Foundation.framework */; };
		688911D4192D59F400E87C97 /* CoreGraphics.framework in Frameworks */ = {isa = PBXBuildFile; fileRef = 688911D3192D59F400E87C97 /* CoreGraphics.framework */; };
		688911D6192D59F400E87C97 /* UIKit.framework in Frameworks */ = {isa = PBXBuildFile; fileRef = 688911D5192D59F400E87C97 /* UIKit.framework */; };
		688911DC192D59F400E87C97 /* InfoPlist.strings in Resources */ = {isa = PBXBuildFile; fileRef = 688911DA192D59F400E87C97 /* InfoPlist.strings */; };
		688911DE192D59F400E87C97 /* main.m in Sources */ = {isa = PBXBuildFile; fileRef = 688911DD192D59F400E87C97 /* main.m */; };
		688911E2192D59F400E87C97 /* AppDelegate.m in Sources */ = {isa = PBXBuildFile; fileRef = 688911E1192D59F400E87C97 /* AppDelegate.m */; };
		688911E5192D59F400E87C97 /* Main.storyboard in Resources */ = {isa = PBXBuildFile; fileRef = 688911E3192D59F400E87C97 /* Main.storyboard */; };
		688911E8192D59F400E87C97 /* ViewController.m in Sources */ = {isa = PBXBuildFile; fileRef = 688911E7192D59F400E87C97 /* ViewController.m */; };
		688911EA192D59F400E87C97 /* Images.xcassets in Resources */ = {isa = PBXBuildFile; fileRef = 688911E9192D59F400E87C97 /* Images.xcassets */; };
		688911F1192D59F500E87C97 /* XCTest.framework in Frameworks */ = {isa = PBXBuildFile; fileRef = 688911F0192D59F500E87C97 /* XCTest.framework */; };
		688911F2192D59F500E87C97 /* Foundation.framework in Frameworks */ = {isa = PBXBuildFile; fileRef = 688911D1192D59F400E87C97 /* Foundation.framework */; };
		688911F3192D59F500E87C97 /* UIKit.framework in Frameworks */ = {isa = PBXBuildFile; fileRef = 688911D5192D59F400E87C97 /* UIKit.framework */; };
		688911FB192D59F500E87C97 /* InfoPlist.strings in Resources */ = {isa = PBXBuildFile; fileRef = 688911F9192D59F500E87C97 /* InfoPlist.strings */; };
		688911FD192D59F500E87C97 /* AsyncTestingTests.m in Sources */ = {isa = PBXBuildFile; fileRef = 688911FC192D59F500E87C97 /* AsyncTestingTests.m */; };
		68891208192D5A6600E87C97 /* SomeLoader.m in Sources */ = {isa = PBXBuildFile; fileRef = 68891207192D5A6600E87C97 /* SomeLoader.m */; };
		6889120A192E8B7A00E87C97 /* SomeLoaderTests.m in Sources */ = {isa = PBXBuildFile; fileRef = 68891209192E8B7A00E87C97 /* SomeLoaderTests.m */; };
		B32BA743ECF744099857A780 /* libPods.a in Frameworks */ = {isa = PBXBuildFile; fileRef = FF3A60CF0B0548E980D3FD78 /* libPods.a */; };
/* End PBXBuildFile section */

/* Begin PBXContainerItemProxy section */
		688911F4192D59F500E87C97 /* PBXContainerItemProxy */ = {
			isa = PBXContainerItemProxy;
			containerPortal = 688911C6192D59F400E87C97 /* Project object */;
			proxyType = 1;
			remoteGlobalIDString = 688911CD192D59F400E87C97;
			remoteInfo = AsyncTesting;
		};
/* End PBXContainerItemProxy section */

/* Begin PBXFileReference section */
		062DB4DE25DE414C93B3FA64 /* Pods.xcconfig */ = {isa = PBXFileReference; includeInIndex = 1; lastKnownFileType = text.xcconfig; name = Pods.xcconfig; path = Pods/Pods.xcconfig; sourceTree = "<group>"; };
		688911CE192D59F400E87C97 /* AsyncTesting.app */ = {isa = PBXFileReference; explicitFileType = wrapper.application; includeInIndex = 0; path = AsyncTesting.app; sourceTree = BUILT_PRODUCTS_DIR; };
		688911D1192D59F400E87C97 /* Foundation.framework */ = {isa = PBXFileReference; lastKnownFileType = wrapper.framework; name = Foundation.framework; path = System/Library/Frameworks/Foundation.framework; sourceTree = SDKROOT; };
		688911D3192D59F400E87C97 /* CoreGraphics.framework */ = {isa = PBXFileReference; lastKnownFileType = wrapper.framework; name = CoreGraphics.framework; path = System/Library/Frameworks/CoreGraphics.framework; sourceTree = SDKROOT; };
		688911D5192D59F400E87C97 /* UIKit.framework */ = {isa = PBXFileReference; lastKnownFileType = wrapper.framework; name = UIKit.framework; path = System/Library/Frameworks/UIKit.framework; sourceTree = SDKROOT; };
		688911D9192D59F400E87C97 /* AsyncTesting-Info.plist */ = {isa = PBXFileReference; lastKnownFileType = text.plist.xml; path = "AsyncTesting-Info.plist"; sourceTree = "<group>"; };
		688911DB192D59F400E87C97 /* en */ = {isa = PBXFileReference; lastKnownFileType = text.plist.strings; name = en; path = en.lproj/InfoPlist.strings; sourceTree = "<group>"; };
		688911DD192D59F400E87C97 /* main.m */ = {isa = PBXFileReference; lastKnownFileType = sourcecode.c.objc; path = main.m; sourceTree = "<group>"; };
		688911DF192D59F400E87C97 /* AsyncTesting-Prefix.pch */ = {isa = PBXFileReference; lastKnownFileType = sourcecode.c.h; path = "AsyncTesting-Prefix.pch"; sourceTree = "<group>"; };
		688911E0192D59F400E87C97 /* AppDelegate.h */ = {isa = PBXFileReference; lastKnownFileType = sourcecode.c.h; path = AppDelegate.h; sourceTree = "<group>"; };
		688911E1192D59F400E87C97 /* AppDelegate.m */ = {isa = PBXFileReference; lastKnownFileType = sourcecode.c.objc; path = AppDelegate.m; sourceTree = "<group>"; };
		688911E4192D59F400E87C97 /* Base */ = {isa = PBXFileReference; lastKnownFileType = file.storyboard; name = Base; path = Base.lproj/Main.storyboard; sourceTree = "<group>"; };
		688911E6192D59F400E87C97 /* ViewController.h */ = {isa = PBXFileReference; lastKnownFileType = sourcecode.c.h; path = ViewController.h; sourceTree = "<group>"; };
		688911E7192D59F400E87C97 /* ViewController.m */ = {isa = PBXFileReference; lastKnownFileType = sourcecode.c.objc; path = ViewController.m; sourceTree = "<group>"; };
		688911E9192D59F400E87C97 /* Images.xcassets */ = {isa = PBXFileReference; lastKnownFileType = folder.assetcatalog; path = Images.xcassets; sourceTree = "<group>"; };
		688911EF192D59F500E87C97 /* AsyncTestingTests.xctest */ = {isa = PBXFileReference; explicitFileType = wrapper.cfbundle; includeInIndex = 0; path = AsyncTestingTests.xctest; sourceTree = BUILT_PRODUCTS_DIR; };
		688911F0192D59F500E87C97 /* XCTest.framework */ = {isa = PBXFileReference; lastKnownFileType = wrapper.framework; name = XCTest.framework; path = Library/Frameworks/XCTest.framework; sourceTree = DEVELOPER_DIR; };
		688911F8192D59F500E87C97 /* AsyncTestingTests-Info.plist */ = {isa = PBXFileReference; lastKnownFileType = text.plist.xml; path = "AsyncTestingTests-Info.plist"; sourceTree = "<group>"; };
		688911FA192D59F500E87C97 /* en */ = {isa = PBXFileReference; lastKnownFileType = text.plist.strings; name = en; path = en.lproj/InfoPlist.strings; sourceTree = "<group>"; };
		688911FC192D59F500E87C97 /* AsyncTestingTests.m */ = {isa = PBXFileReference; lastKnownFileType = sourcecode.c.objc; path = AsyncTestingTests.m; sourceTree = "<group>"; };
		68891206192D5A6600E87C97 /* SomeLoader.h */ = {isa = PBXFileReference; fileEncoding = 4; lastKnownFileType = sourcecode.c.h; path = SomeLoader.h; sourceTree = "<group>"; };
		68891207192D5A6600E87C97 /* SomeLoader.m */ = {isa = PBXFileReference; fileEncoding = 4; lastKnownFileType = sourcecode.c.objc; path = SomeLoader.m; sourceTree = "<group>"; };
		68891209192E8B7A00E87C97 /* SomeLoaderTests.m */ = {isa = PBXFileReference; fileEncoding = 4; lastKnownFileType = sourcecode.c.objc; path = SomeLoaderTests.m; sourceTree = "<group>"; };
		FF3A60CF0B0548E980D3FD78 /* libPods.a */ = {isa = PBXFileReference; explicitFileType = archive.ar; includeInIndex = 0; path = libPods.a; sourceTree = BUILT_PRODUCTS_DIR; };
/* End PBXFileReference section */

/* Begin PBXFrameworksBuildPhase section */
		688911CB192D59F400E87C97 /* Frameworks */ = {
			isa = PBXFrameworksBuildPhase;
			buildActionMask = 2147483647;
			files = (
				688911D4192D59F400E87C97 /* CoreGraphics.framework in Frameworks */,
				688911D6192D59F400E87C97 /* UIKit.framework in Frameworks */,
				688911D2192D59F400E87C97 /* Foundation.framework in Frameworks */,
				B32BA743ECF744099857A780 /* libPods.a in Frameworks */,
			);
			runOnlyForDeploymentPostprocessing = 0;
		};
		688911EC192D59F500E87C97 /* Frameworks */ = {
			isa = PBXFrameworksBuildPhase;
			buildActionMask = 2147483647;
			files = (
				688911F1192D59F500E87C97 /* XCTest.framework in Frameworks */,
				688911F3192D59F500E87C97 /* UIKit.framework in Frameworks */,
				688911F2192D59F500E87C97 /* Foundation.framework in Frameworks */,
			);
			runOnlyForDeploymentPostprocessing = 0;
		};
/* End PBXFrameworksBuildPhase section */

/* Begin PBXGroup section */
		688911C5192D59F400E87C97 = {
			isa = PBXGroup;
			children = (
				688911D7192D59F400E87C97 /* AsyncTesting */,
				688911F6192D59F500E87C97 /* AsyncTestingTests */,
				688911D0192D59F400E87C97 /* Frameworks */,
				688911CF192D59F400E87C97 /* Products */,
				062DB4DE25DE414C93B3FA64 /* Pods.xcconfig */,
			);
			sourceTree = "<group>";
		};
		688911CF192D59F400E87C97 /* Products */ = {
			isa = PBXGroup;
			children = (
				688911CE192D59F400E87C97 /* AsyncTesting.app */,
				688911EF192D59F500E87C97 /* AsyncTestingTests.xctest */,
			);
			name = Products;
			sourceTree = "<group>";
		};
		688911D0192D59F400E87C97 /* Frameworks */ = {
			isa = PBXGroup;
			children = (
				688911D1192D59F400E87C97 /* Foundation.framework */,
				688911D3192D59F400E87C97 /* CoreGraphics.framework */,
				688911D5192D59F400E87C97 /* UIKit.framework */,
				688911F0192D59F500E87C97 /* XCTest.framework */,
				FF3A60CF0B0548E980D3FD78 /* libPods.a */,
			);
			name = Frameworks;
			sourceTree = "<group>";
		};
		688911D7192D59F400E87C97 /* AsyncTesting */ = {
			isa = PBXGroup;
			children = (
				688911E0192D59F400E87C97 /* AppDelegate.h */,
				688911E1192D59F400E87C97 /* AppDelegate.m */,
				688911E3192D59F400E87C97 /* Main.storyboard */,
				688911E6192D59F400E87C97 /* ViewController.h */,
				688911E7192D59F400E87C97 /* ViewController.m */,
				68891206192D5A6600E87C97 /* SomeLoader.h */,
				68891207192D5A6600E87C97 /* SomeLoader.m */,
				688911E9192D59F400E87C97 /* Images.xcassets */,
				688911D8192D59F400E87C97 /* Supporting Files */,
			);
			path = AsyncTesting;
			sourceTree = "<group>";
		};
		688911D8192D59F400E87C97 /* Supporting Files */ = {
			isa = PBXGroup;
			children = (
				688911D9192D59F400E87C97 /* AsyncTesting-Info.plist */,
				688911DA192D59F400E87C97 /* InfoPlist.strings */,
				688911DD192D59F400E87C97 /* main.m */,
				688911DF192D59F400E87C97 /* AsyncTesting-Prefix.pch */,
			);
			name = "Supporting Files";
			sourceTree = "<group>";
		};
		688911F6192D59F500E87C97 /* AsyncTestingTests */ = {
			isa = PBXGroup;
			children = (
				688911FC192D59F500E87C97 /* AsyncTestingTests.m */,
				68891209192E8B7A00E87C97 /* SomeLoaderTests.m */,
				688911F7192D59F500E87C97 /* Supporting Files */,
			);
			path = AsyncTestingTests;
			sourceTree = "<group>";
		};
		688911F7192D59F500E87C97 /* Supporting Files */ = {
			isa = PBXGroup;
			children = (
				688911F8192D59F500E87C97 /* AsyncTestingTests-Info.plist */,
				688911F9192D59F500E87C97 /* InfoPlist.strings */,
			);
			name = "Supporting Files";
			sourceTree = "<group>";
		};
/* End PBXGroup section */

/* Begin PBXNativeTarget section */
		688911CD192D59F400E87C97 /* AsyncTesting */ = {
			isa = PBXNativeTarget;
			buildConfigurationList = 68891200192D59F500E87C97 /* Build configuration list for PBXNativeTarget "AsyncTesting" */;
			buildPhases = (
				2316A82770BF4F148F80C765 /* Check Pods Manifest.lock */,
				688911CA192D59F400E87C97 /* Sources */,
				688911CB192D59F400E87C97 /* Frameworks */,
				688911CC192D59F400E87C97 /* Resources */,
				2C74A0025D7546489DA421FA /* Copy Pods Resources */,
			);
			buildRules = (
			);
			dependencies = (
			);
			name = AsyncTesting;
			productName = AsyncTesting;
			productReference = 688911CE192D59F400E87C97 /* AsyncTesting.app */;
			productType = "com.apple.product-type.application";
		};
		688911EE192D59F500E87C97 /* AsyncTestingTests */ = {
			isa = PBXNativeTarget;
			buildConfigurationList = 68891203192D59F500E87C97 /* Build configuration list for PBXNativeTarget "AsyncTestingTests" */;
			buildPhases = (
				688911EB192D59F500E87C97 /* Sources */,
				688911EC192D59F500E87C97 /* Frameworks */,
				688911ED192D59F500E87C97 /* Resources */,
			);
			buildRules = (
			);
			dependencies = (
				688911F5192D59F500E87C97 /* PBXTargetDependency */,
			);
			name = AsyncTestingTests;
			productName = AsyncTestingTests;
			productReference = 688911EF192D59F500E87C97 /* AsyncTestingTests.xctest */;
			productType = "com.apple.product-type.bundle.unit-test";
		};
/* End PBXNativeTarget section */

/* Begin PBXProject section */
		688911C6192D59F400E87C97 /* Project object */ = {
			isa = PBXProject;
			attributes = {
				LastUpgradeCheck = 0510;
				ORGANIZATIONNAME = "Anish Basu";
				TargetAttributes = {
					688911EE192D59F500E87C97 = {
						TestTargetID = 688911CD192D59F400E87C97;
					};
				};
			};
			buildConfigurationList = 688911C9192D59F400E87C97 /* Build configuration list for PBXProject "AsyncTesting" */;
			compatibilityVersion = "Xcode 3.2";
			developmentRegion = English;
			hasScannedForEncodings = 0;
			knownRegions = (
				en,
				Base,
			);
			mainGroup = 688911C5192D59F400E87C97;
			productRefGroup = 688911CF192D59F400E87C97 /* Products */;
			projectDirPath = "";
			projectRoot = "";
			targets = (
				688911CD192D59F400E87C97 /* AsyncTesting */,
				688911EE192D59F500E87C97 /* AsyncTestingTests */,
			);
		};
/* End PBXProject section */

/* Begin PBXResourcesBuildPhase section */
		688911CC192D59F400E87C97 /* Resources */ = {
			isa = PBXResourcesBuildPhase;
			buildActionMask = 2147483647;
			files = (
				688911EA192D59F400E87C97 /* Images.xcassets in Resources */,
				688911DC192D59F400E87C97 /* InfoPlist.strings in Resources */,
				688911E5192D59F400E87C97 /* Main.storyboard in Resources */,
			);
			runOnlyForDeploymentPostprocessing = 0;
		};
		688911ED192D59F500E87C97 /* Resources */ = {
			isa = PBXResourcesBuildPhase;
			buildActionMask = 2147483647;
			files = (
				688911FB192D59F500E87C97 /* InfoPlist.strings in Resources */,
			);
			runOnlyForDeploymentPostprocessing = 0;
		};
/* End PBXResourcesBuildPhase section */

/* Begin PBXShellScriptBuildPhase section */
		2316A82770BF4F148F80C765 /* Check Pods Manifest.lock */ = {
			isa = PBXShellScriptBuildPhase;
			buildActionMask = 2147483647;
			files = (
			);
			inputPaths = (
			);
			name = "Check Pods Manifest.lock";
			outputPaths = (
			);
			runOnlyForDeploymentPostprocessing = 0;
			shellPath = /bin/sh;
			shellScript = "diff \"${PODS_ROOT}/../Podfile.lock\" \"${PODS_ROOT}/Manifest.lock\" > /dev/null\nif [[ $? != 0 ]] ; then\n    cat << EOM\nerror: The sandbox is not in sync with the Podfile.lock. Run 'pod install' or update your CocoaPods installation.\nEOM\n    exit 1\nfi\n";
			showEnvVarsInLog = 0;
		};
		2C74A0025D7546489DA421FA /* Copy Pods Resources */ = {
			isa = PBXShellScriptBuildPhase;
			buildActionMask = 2147483647;
			files = (
			);
			inputPaths = (
			);
			name = "Copy Pods Resources";
			outputPaths = (
			);
			runOnlyForDeploymentPostprocessing = 0;
			shellPath = /bin/sh;
			shellScript = "\"${SRCROOT}/Pods/Pods-resources.sh\"\n";
			showEnvVarsInLog = 0;
		};
/* End PBXShellScriptBuildPhase section */

/* Begin PBXSourcesBuildPhase section */
		688911CA192D59F400E87C97 /* Sources */ = {
			isa = PBXSourcesBuildPhase;
			buildActionMask = 2147483647;
			files = (
				688911E8192D59F400E87C97 /* ViewController.m in Sources */,
				688911E2192D59F400E87C97 /* AppDelegate.m in Sources */,
				68891208192D5A6600E87C97 /* SomeLoader.m in Sources */,
				688911DE192D59F400E87C97 /* main.m in Sources */,
			);
			runOnlyForDeploymentPostprocessing = 0;
		};
		688911EB192D59F500E87C97 /* Sources */ = {
			isa = PBXSourcesBuildPhase;
			buildActionMask = 2147483647;
			files = (
				6889120A192E8B7A00E87C97 /* SomeLoaderTests.m in Sources */,
				688911FD192D59F500E87C97 /* AsyncTestingTests.m in Sources */,
			);
			runOnlyForDeploymentPostprocessing = 0;
		};
/* End PBXSourcesBuildPhase section */

/* Begin PBXTargetDependency section */
		688911F5192D59F500E87C97 /* PBXTargetDependency */ = {
			isa = PBXTargetDependency;
			target = 688911CD192D59F400E87C97 /* AsyncTesting */;
			targetProxy = 688911F4192D59F500E87C97 /* PBXContainerItemProxy */;
		};
/* End PBXTargetDependency section */

/* Begin PBXVariantGroup section */
		688911DA192D59F400E87C97 /* InfoPlist.strings */ = {
			isa = PBXVariantGroup;
			children = (
				688911DB192D59F400E87C97 /* en */,
			);
			name = InfoPlist.strings;
			sourceTree = "<group>";
		};
		688911E3192D59F400E87C97 /* Main.storyboard */ = {
			isa = PBXVariantGroup;
			children = (
				688911E4192D59F400E87C97 /* Base */,
			);
			name = Main.storyboard;
			sourceTree = "<group>";
		};
		688911F9192D59F500E87C97 /* InfoPlist.strings */ = {
			isa = PBXVariantGroup;
			children = (
				688911FA192D59F500E87C97 /* en */,
			);
			name = InfoPlist.strings;
			sourceTree = "<group>";
		};
/* End PBXVariantGroup section */

/* Begin XCBuildConfiguration section */
		688911FE192D59F500E87C97 /* Debug */ = {
			isa = XCBuildConfiguration;
			buildSettings = {
				ALWAYS_SEARCH_USER_PATHS = NO;
				CLANG_CXX_LANGUAGE_STANDARD = "gnu++0x";
				CLANG_CXX_LIBRARY = "libc++";
				CLANG_ENABLE_MODULES = YES;
				CLANG_ENABLE_OBJC_ARC = YES;
				CLANG_WARN_BOOL_CONVERSION = YES;
				CLANG_WARN_CONSTANT_CONVERSION = YES;
				CLANG_WARN_DIRECT_OBJC_ISA_USAGE = YES_ERROR;
				CLANG_WARN_EMPTY_BODY = YES;
				CLANG_WARN_ENUM_CONVERSION = YES;
				CLANG_WARN_INT_CONVERSION = YES;
				CLANG_WARN_OBJC_ROOT_CLASS = YES_ERROR;
				CLANG_WARN__DUPLICATE_METHOD_MATCH = YES;
				"CODE_SIGN_IDENTITY[sdk=iphoneos*]" = "iPhone Developer";
				COPY_PHASE_STRIP = NO;
				GCC_C_LANGUAGE_STANDARD = gnu99;
				GCC_DYNAMIC_NO_PIC = NO;
				GCC_OPTIMIZATION_LEVEL = 0;
				GCC_PREPROCESSOR_DEFINITIONS = (
					"DEBUG=1",
					"$(inherited)",
				);
				GCC_SYMBOLS_PRIVATE_EXTERN = NO;
				GCC_WARN_64_TO_32_BIT_CONVERSION = YES;
				GCC_WARN_ABOUT_RETURN_TYPE = YES_ERROR;
				GCC_WARN_UNDECLARED_SELECTOR = YES;
				GCC_WARN_UNINITIALIZED_AUTOS = YES_AGGRESSIVE;
				GCC_WARN_UNUSED_FUNCTION = YES;
				GCC_WARN_UNUSED_VARIABLE = YES;
				IPHONEOS_DEPLOYMENT_TARGET = 7.1;
				ONLY_ACTIVE_ARCH = YES;
				SDKROOT = iphoneos;
			};
			name = Debug;
		};
		688911FF192D59F500E87C97 /* Release */ = {
			isa = XCBuildConfiguration;
			buildSettings = {
				ALWAYS_SEARCH_USER_PATHS = NO;
				CLANG_CXX_LANGUAGE_STANDARD = "gnu++0x";
				CLANG_CXX_LIBRARY = "libc++";
				CLANG_ENABLE_MODULES = YES;
				CLANG_ENABLE_OBJC_ARC = YES;
				CLANG_WARN_BOOL_CONVERSION = YES;
				CLANG_WARN_CONSTANT_CONVERSION = YES;
				CLANG_WARN_DIRECT_OBJC_ISA_USAGE = YES_ERROR;
				CLANG_WARN_EMPTY_BODY = YES;
				CLANG_WARN_ENUM_CONVERSION = YES;
				CLANG_WARN_INT_CONVERSION = YES;
				CLANG_WARN_OBJC_ROOT_CLASS = YES_ERROR;
				CLANG_WARN__DUPLICATE_METHOD_MATCH = YES;
				"CODE_SIGN_IDENTITY[sdk=iphoneos*]" = "iPhone Developer";
				COPY_PHASE_STRIP = YES;
				ENABLE_NS_ASSERTIONS = NO;
				GCC_C_LANGUAGE_STANDARD = gnu99;
				GCC_WARN_64_TO_32_BIT_CONVERSION = YES;
				GCC_WARN_ABOUT_RETURN_TYPE = YES_ERROR;
				GCC_WARN_UNDECLARED_SELECTOR = YES;
				GCC_WARN_UNINITIALIZED_AUTOS = YES_AGGRESSIVE;
				GCC_WARN_UNUSED_FUNCTION = YES;
				GCC_WARN_UNUSED_VARIABLE = YES;
				IPHONEOS_DEPLOYMENT_TARGET = 7.1;
				SDKROOT = iphoneos;
				VALIDATE_PRODUCT = YES;
			};
			name = Release;
		};
		68891201192D59F500E87C97 /* Debug */ = {
			isa = XCBuildConfiguration;
			baseConfigurationReference = 062DB4DE25DE414C93B3FA64 /* Pods.xcconfig */;
			buildSettings = {
				ASSETCATALOG_COMPILER_APPICON_NAME = AppIcon;
				ASSETCATALOG_COMPILER_LAUNCHIMAGE_NAME = LaunchImage;
				GCC_PRECOMPILE_PREFIX_HEADER = YES;
				GCC_PREFIX_HEADER = "AsyncTesting/AsyncTesting-Prefix.pch";
				INFOPLIST_FILE = "AsyncTesting/AsyncTesting-Info.plist";
				PRODUCT_NAME = "$(TARGET_NAME)";
				WRAPPER_EXTENSION = app;
			};
			name = Debug;
		};
		68891202192D59F500E87C97 /* Release */ = {
			isa = XCBuildConfiguration;
			baseConfigurationReference = 062DB4DE25DE414C93B3FA64 /* Pods.xcconfig */;
			buildSettings = {
				ASSETCATALOG_COMPILER_APPICON_NAME = AppIcon;
				ASSETCATALOG_COMPILER_LAUNCHIMAGE_NAME = LaunchImage;
				GCC_PRECOMPILE_PREFIX_HEADER = YES;
				GCC_PREFIX_HEADER = "AsyncTesting/AsyncTesting-Prefix.pch";
				INFOPLIST_FILE = "AsyncTesting/AsyncTesting-Info.plist";
				PRODUCT_NAME = "$(TARGET_NAME)";
				WRAPPER_EXTENSION = app;
			};
			name = Release;
		};
		68891204192D59F500E87C97 /* Debug */ = {
			isa = XCBuildConfiguration;
			baseConfigurationReference = 062DB4DE25DE414C93B3FA64 /* Pods.xcconfig */;
			buildSettings = {
				BUNDLE_LOADER = "$(BUILT_PRODUCTS_DIR)/AsyncTesting.app/AsyncTesting";
				FRAMEWORK_SEARCH_PATHS = (
					"$(SDKROOT)/Developer/Library/Frameworks",
					"$(inherited)",
					"$(DEVELOPER_FRAMEWORKS_DIR)",
				);
				GCC_PRECOMPILE_PREFIX_HEADER = YES;
				GCC_PREFIX_HEADER = "AsyncTesting/AsyncTesting-Prefix.pch";
				GCC_PREPROCESSOR_DEFINITIONS = (
					"DEBUG=1",
					"$(inherited)",
				);
				INFOPLIST_FILE = "AsyncTestingTests/AsyncTestingTests-Info.plist";
				PRODUCT_NAME = "$(TARGET_NAME)";
				TEST_HOST = "$(BUNDLE_LOADER)";
				WRAPPER_EXTENSION = xctest;
			};
			name = Debug;
		};
		68891205192D59F500E87C97 /* Release */ = {
			isa = XCBuildConfiguration;
			baseConfigurationReference = 062DB4DE25DE414C93B3FA64 /* Pods.xcconfig */;
			buildSettings = {
				BUNDLE_LOADER = "$(BUILT_PRODUCTS_DIR)/AsyncTesting.app/AsyncTesting";
				FRAMEWORK_SEARCH_PATHS = (
					"$(SDKROOT)/Developer/Library/Frameworks",
					"$(inherited)",
					"$(DEVELOPER_FRAMEWORKS_DIR)",
				);
				GCC_PRECOMPILE_PREFIX_HEADER = YES;
				GCC_PREFIX_HEADER = "AsyncTesting/AsyncTesting-Prefix.pch";
				INFOPLIST_FILE = "AsyncTestingTests/AsyncTestingTests-Info.plist";
				PRODUCT_NAME = "$(TARGET_NAME)";
				TEST_HOST = "$(BUNDLE_LOADER)";
				WRAPPER_EXTENSION = xctest;
			};
			name = Release;
		};
/* End XCBuildConfiguration section */

/* Begin XCConfigurationList section */
		688911C9192D59F400E87C97 /* Build configuration list for PBXProject "AsyncTesting" */ = {
			isa = XCConfigurationList;
			buildConfigurations = (
				688911FE192D59F500E87C97 /* Debug */,
				688911FF192D59F500E87C97 /* Release */,
			);
			defaultConfigurationIsVisible = 0;
			defaultConfigurationName = Release;
		};
		68891200192D59F500E87C97 /* Build configuration list for PBXNativeTarget "AsyncTesting" */ = {
			isa = XCConfigurationList;
			buildConfigurations = (
				68891201192D59F500E87C97 /* Debug */,
				68891202192D59F500E87C97 /* Release */,
			);
			defaultConfigurationIsVisible = 0;
			defaultConfigurationName = Release;
		};
		68891203192D59F500E87C97 /* Build configuration list for PBXNativeTarget "AsyncTestingTests" */ = {
			isa = XCConfigurationList;
			buildConfigurations = (
				68891204192D59F500E87C97 /* Debug */,
				68891205192D59F500E87C97 /* Release */,
			);
			defaultConfigurationIsVisible = 0;
			defaultConfigurationName = Release;
		};
/* End XCConfigurationList section */
	};
	rootObject = 688911C6192D59F400E87C97 /* Project object */;
}
